
Microsoft Visual Studio Solution File, Format Version 12.00
# Visual Studio Version 17
VisualStudioVersion = 17.7.34024.191
MinimumVisualStudioVersion = 10.0.40219.1
Project("{FAE04EC0-301F-11D3-BF4B-00C04F79EFBC}") = "FormRegistratiton", "FormRegistratiton\FormRegistratiton.csproj", "{A08D6BAA-DBE1-47B1-ADF7-94E7431FE46D}"
EndProject
Global
	GlobalSection(SolutionConfigurationPlatforms) = preSolution
		Debug|Any CPU = Debug|Any CPU
		Release|Any CPU = Release|Any CPU
	EndGlobalSection
	GlobalSection(ProjectConfigurationPlatforms) = postSolution
		{A08D6BAA-DBE1-47B1-ADF7-94E7431FE46D}.Debug|Any CPU.ActiveCfg = Debug|Any CPU
		{A08D6BAA-DBE1-47B1-ADF7-94E7431FE46D}.Debug|Any CPU.Build.0 = Debug|Any CPU
		{A08D6BAA-DBE1-47B1-ADF7-94E7431FE46D}.Release|Any CPU.ActiveCfg = Release|Any CPU
		{A08D6BAA-DBE1-47B1-ADF7-94E7431FE46D}.Release|Any CPU.Build.0 = Release|Any CPU
	EndGlobalSection
	GlobalSection(SolutionProperties) = preSolution
		HideSolutionNode = FALSE
	EndGlobalSection
	GlobalSection(ExtensibilityGlobals) = postSolution
		SolutionGuid = {5A85DDD9-544E-40EE-A533-EB4D027DF2A6}
	EndGlobalSection
EndGlobal
